
Microsoft Visual Studio Solution File, Format Version 12.00
# Visual Studio Version 17
VisualStudioVersion = 17.13.35931.197 d17.13
MinimumVisualStudioVersion = 10.0.40219.1
Project("{8BC9CEB8-8B4A-11D0-8D11-00A0C91BC942}") = "PracticeLab4", "PracticeLab4\PracticeLab4.vcxproj", "{BBB708E0-42CD-19C7-56C2-CCBA5A137516}"
EndProject
Global
	GlobalSection(SolutionConfigurationPlatforms) = preSolution
		Debug|x64 = Debug|x64
		Debug|x86 = Debug|x86
		Release|x64 = Release|x64
		Release|x86 = Release|x86
	EndGlobalSection
	GlobalSection(ProjectConfigurationPlatforms) = postSolution
		{BBB708E0-42CD-19C7-56C2-CCBA5A137516}.Debug|x64.ActiveCfg = Debug|x64
		{BBB708E0-42CD-19C7-56C2-CCBA5A137516}.Debug|x64.Build.0 = Debug|x64
		{BBB708E0-42CD-19C7-56C2-CCBA5A137516}.Debug|x86.ActiveCfg = Debug|Win32
		{BBB708E0-42CD-19C7-56C2-CCBA5A137516}.Debug|x86.Build.0 = Debug|Win32
		{BBB708E0-42CD-19C7-56C2-CCBA5A137516}.Release|x64.ActiveCfg = Release|x64
		{BBB708E0-42CD-19C7-56C2-CCBA5A137516}.Release|x64.Build.0 = Release|x64
		{BBB708E0-42CD-19C7-56C2-CCBA5A137516}.Release|x86.ActiveCfg = Release|Win32
		{BBB708E0-42CD-19C7-56C2-CCBA5A137516}.Release|x86.Build.0 = Release|Win32
	EndGlobalSection
	GlobalSection(SolutionProperties) = preSolution
		HideSolutionNode = FALSE
	EndGlobalSection
	GlobalSection(ExtensibilityGlobals) = postSolution
		SolutionGuid = {58C8932C-5993-41A1-A06C-6F4AC03E9DE3}
	EndGlobalSection
EndGlobal
